
Microsoft Visual Studio Solution File, Format Version 12.00
# Visual Studio Version 17
VisualStudioVersion = 17.7.34031.279
MinimumVisualStudioVersion = 10.0.40219.1
Project("{E24C65DC-7377-472B-9ABA-BC803B73C61A}") = "GiftMatch", "..\", "{3423290C-5483-4EEA-BBF9-699F47F6687F}"
	ProjectSection(WebsiteProperties) = preProject
		TargetFrameworkMoniker = ".NETFramework,Version%3Dv4.0"
		Debug.AspNetCompiler.VirtualPath = "/localhost_52447"
		Debug.AspNetCompiler.PhysicalPath = "..\..\..\OneDrive - Ruppin Students and Teachers\שולחן העבודה\GiftMatch\"
		Debug.AspNetCompiler.TargetPath = "PrecompiledWeb\localhost_52447\"
		Debug.AspNetCompiler.Updateable = "true"
		Debug.AspNetCompiler.ForceOverwrite = "true"
		Debug.AspNetCompiler.FixedNames = "false"
		Debug.AspNetCompiler.Debug = "True"
		Release.AspNetCompiler.VirtualPath = "/localhost_52447"
		Release.AspNetCompiler.PhysicalPath = "..\..\..\OneDrive - Ruppin Students and Teachers\שולחן העבודה\GiftMatch\"
		Release.AspNetCompiler.TargetPath = "PrecompiledWeb\localhost_52447\"
		Release.AspNetCompiler.Updateable = "true"
		Release.AspNetCompiler.ForceOverwrite = "true"
		Release.AspNetCompiler.FixedNames = "false"
		Release.AspNetCompiler.Debug = "False"
		VWDPort = "52447"
	EndProjectSection
EndProject
Global
	GlobalSection(SolutionConfigurationPlatforms) = preSolution
		Debug|Any CPU = Debug|Any CPU
	EndGlobalSection
	GlobalSection(ProjectConfigurationPlatforms) = postSolution
		{3423290C-5483-4EEA-BBF9-699F47F6687F}.Debug|Any CPU.ActiveCfg = Debug|Any CPU
		{3423290C-5483-4EEA-BBF9-699F47F6687F}.Debug|Any CPU.Build.0 = Debug|Any CPU
	EndGlobalSection
	GlobalSection(SolutionProperties) = preSolution
		HideSolutionNode = FALSE
	EndGlobalSection
	GlobalSection(ExtensibilityGlobals) = postSolution
		SolutionGuid = {93B4440A-7A01-42FA-AAC9-451EF8B10A8A}
	EndGlobalSection
EndGlobal
